
Microsoft Visual Studio Solution File, Format Version 12.00
# Visual Studio 2013
VisualStudioVersion = 12.0.21005.1
MinimumVisualStudioVersion = 10.0.40219.1
Project("{FAE04EC0-301F-11D3-BF4B-00C04F79EFBC}") = "UnityVS.Project Mount_Amanita.CSharp.Plugins", "UnityVS.Project Mount_Amanita.CSharp.Plugins.csproj", "{C8AB5A70-4A44-91D9-DE38-95DF1120EEA0}"
EndProject
Project("{FAE04EC0-301F-11D3-BF4B-00C04F79EFBC}") = "UnityVS.Project Mount_Amanita.CSharp.Editor", "UnityVS.Project Mount_Amanita.CSharp.Editor.csproj", "{6796BF1A-123E-64F2-044A-1582AA01F1D4}"
EndProject
Project("{FAE04EC0-301F-11D3-BF4B-00C04F79EFBC}") = "UnityVS.Project Mount_Amanita.CSharp", "UnityVS.Project Mount_Amanita.CSharp.csproj", "{2B50C956-0FDB-9FC3-76F0-87E39E6AB60D}"
EndProject
Global
	GlobalSection(SolutionConfigurationPlatforms) = preSolution
		Debug|Any CPU = Debug|Any CPU
		Release|Any CPU = Release|Any CPU
	EndGlobalSection
	GlobalSection(ProjectConfigurationPlatforms) = postSolution
		{C8AB5A70-4A44-91D9-DE38-95DF1120EEA0}.Debug|Any CPU.ActiveCfg = Debug|Any CPU
		{C8AB5A70-4A44-91D9-DE38-95DF1120EEA0}.Debug|Any CPU.Build.0 = Debug|Any CPU
		{C8AB5A70-4A44-91D9-DE38-95DF1120EEA0}.Release|Any CPU.ActiveCfg = Release|Any CPU
		{C8AB5A70-4A44-91D9-DE38-95DF1120EEA0}.Release|Any CPU.Build.0 = Release|Any CPU
		{6796BF1A-123E-64F2-044A-1582AA01F1D4}.Debug|Any CPU.ActiveCfg = Debug|Any CPU
		{6796BF1A-123E-64F2-044A-1582AA01F1D4}.Debug|Any CPU.Build.0 = Debug|Any CPU
		{6796BF1A-123E-64F2-044A-1582AA01F1D4}.Release|Any CPU.ActiveCfg = Release|Any CPU
		{6796BF1A-123E-64F2-044A-1582AA01F1D4}.Release|Any CPU.Build.0 = Release|Any CPU
		{2B50C956-0FDB-9FC3-76F0-87E39E6AB60D}.Debug|Any CPU.ActiveCfg = Debug|Any CPU
		{2B50C956-0FDB-9FC3-76F0-87E39E6AB60D}.Debug|Any CPU.Build.0 = Debug|Any CPU
		{2B50C956-0FDB-9FC3-76F0-87E39E6AB60D}.Release|Any CPU.ActiveCfg = Release|Any CPU
		{2B50C956-0FDB-9FC3-76F0-87E39E6AB60D}.Release|Any CPU.Build.0 = Release|Any CPU
	EndGlobalSection
	GlobalSection(SolutionProperties) = preSolution
		HideSolutionNode = FALSE
	EndGlobalSection
EndGlobal
